
Microsoft Visual Studio Solution File, Format Version 12.00
# Visual Studio Version 16
VisualStudioVersion = 16.0.34301.259
MinimumVisualStudioVersion = 10.0.40219.1
Project("{2150E333-8FDC-42A3-9474-1A3956D46DE8}") = "Task0", "Task0", "{6EA1D2A0-9938-499B-BB84-2F078679130E}"
EndProject
Project("{FAE04EC0-301F-11D3-BF4B-00C04F79EFBC}") = "Tyuiu.GunbinNA.Sprint6.Task0.V13", "Tyuiu.GunbinNA.Sprint6.Task0.V13\Tyuiu.GunbinNA.Sprint6.Task0.V13.csproj", "{22283252-C41B-4415-B30F-FB34F54BF7DA}"
EndProject
Project("{FAE04EC0-301F-11D3-BF4B-00C04F79EFBC}") = "Tyuiu.GunbinNA.Sprint6.Task0.V13.Test", "Tyuiu.GunbinNA.Sprint6.Task0.V13.Test\Tyuiu.GunbinNA.Sprint6.Task0.V13.Test.csproj", "{F6B41837-6A10-420D-80BB-7768C90B2EF6}"
EndProject
Project("{FAE04EC0-301F-11D3-BF4B-00C04F79EFBC}") = "Tyuiu.GunbinNA.Sprint6.Task0.V13.Lib", "Tyuiu.GunbinNA.Sprint6.Task0.V13.Lib\Tyuiu.GunbinNA.Sprint6.Task0.V13.Lib.csproj", "{C4CC769B-0C48-4225-A108-20D1B1C4D508}"
EndProject
Project("{2150E333-8FDC-42A3-9474-1A3956D46DE8}") = "Task1", "Task1", "{B822F178-91D4-4DFC-B76C-54884E952BB4}"
EndProject
Project("{FAE04EC0-301F-11D3-BF4B-00C04F79EFBC}") = "Tyuiu.GunbinNA.Sprint6.Task1.V14.Lib", "Tyuiu.GunbinNA.Sprint6.Task1.V14.Lib\Tyuiu.GunbinNA.Sprint6.Task1.V14.Lib.csproj", "{DE713134-1743-4EE3-A2E3-7613E2480DD1}"
EndProject
Project("{FAE04EC0-301F-11D3-BF4B-00C04F79EFBC}") = "Tyuiu.GunbinNA.Sprint6.Task1.V14.Test", "Tyuiu.GunbinNA.Sprint6.Task1.V14.Test\Tyuiu.GunbinNA.Sprint6.Task1.V14.Test.csproj", "{DF60FB54-2B84-4362-BDFF-D7BBDB1AE16E}"
EndProject
Project("{FAE04EC0-301F-11D3-BF4B-00C04F79EFBC}") = "Tyuiu.GunbinNA.Sprint6.Task1.V14", "Tyuiu.GunbinNA.Sprint6.Task1.V14\Tyuiu.GunbinNA.Sprint6.Task1.V14.csproj", "{B1A7F4FC-4AE8-4AC6-9ED5-19D87D421983}"
EndProject
Project("{2150E333-8FDC-42A3-9474-1A3956D46DE8}") = "Task2", "Task2", "{46AEA183-3395-4D3E-ABB7-84F0156B3860}"
EndProject
Project("{FAE04EC0-301F-11D3-BF4B-00C04F79EFBC}") = "Tyuiu.GunbinNA.Sprint6.Task2.V3.Lib", "Tyuiu.GunbinNA.Sprint6.Task2.V3.Lib\Tyuiu.GunbinNA.Sprint6.Task2.V3.Lib.csproj", "{A7B8D0DE-2CE3-48AF-9ED7-AF28072FA491}"
EndProject
Project("{FAE04EC0-301F-11D3-BF4B-00C04F79EFBC}") = "Tyuiu.GunbinNA.Sprint6.Task2.V3.Test", "Tyuiu.GunbinNA.Sprint6.Task2.V3.Test\Tyuiu.GunbinNA.Sprint6.Task2.V3.Test.csproj", "{2649C297-0BAD-44E1-9A21-6E92CB19EF90}"
EndProject
Project("{FAE04EC0-301F-11D3-BF4B-00C04F79EFBC}") = "Tyuiu.GunbinNA.Sprint6.Task2.V3", "Tyuiu.GunbinNA.Sprint6.Task2.V3\Tyuiu.GunbinNA.Sprint6.Task2.V3.csproj", "{2AD514E4-8B65-420B-9F56-CF14F1F626D5}"
EndProject
Project("{2150E333-8FDC-42A3-9474-1A3956D46DE8}") = "Task3", "Task3", "{ECF6CA78-7B2A-40BB-BFF4-066AF86A2E36}"
EndProject
Project("{FAE04EC0-301F-11D3-BF4B-00C04F79EFBC}") = "Tyuiu.GunbinNA.Sprint6.Task3.V9.Lib", "Tyuiu.GunbinNA.Sprint6.Task3.V9.Lib\Tyuiu.GunbinNA.Sprint6.Task3.V9.Lib.csproj", "{3A3B3201-D0A1-441A-B73F-39C27E2DC3DE}"
EndProject
Project("{FAE04EC0-301F-11D3-BF4B-00C04F79EFBC}") = "Tyuiu.GunbinNA.Sprint6.Task3.V9.Test", "Tyuiu.GunbinNA.Sprint6.Task3.V9.Test\Tyuiu.GunbinNA.Sprint6.Task3.V9.Test.csproj", "{31C098C0-1B8F-4307-BD84-999D3D1FD04E}"
EndProject
Project("{FAE04EC0-301F-11D3-BF4B-00C04F79EFBC}") = "Tyuiu.GunbinNA.Sprint6.Task3.V9", "Tyuiu.GunbinNA.Sprint6.Task3.V9\Tyuiu.GunbinNA.Sprint6.Task3.V9.csproj", "{DCB39D95-1BAE-48A9-89BC-611479AFA621}"
EndProject
Global
	GlobalSection(SolutionConfigurationPlatforms) = preSolution
		Debug|Any CPU = Debug|Any CPU
		Release|Any CPU = Release|Any CPU
	EndGlobalSection
	GlobalSection(ProjectConfigurationPlatforms) = postSolution
		{22283252-C41B-4415-B30F-FB34F54BF7DA}.Debug|Any CPU.ActiveCfg = Debug|Any CPU
		{22283252-C41B-4415-B30F-FB34F54BF7DA}.Debug|Any CPU.Build.0 = Debug|Any CPU
		{22283252-C41B-4415-B30F-FB34F54BF7DA}.Release|Any CPU.ActiveCfg = Release|Any CPU
		{22283252-C41B-4415-B30F-FB34F54BF7DA}.Release|Any CPU.Build.0 = Release|Any CPU
		{F6B41837-6A10-420D-80BB-7768C90B2EF6}.Debug|Any CPU.ActiveCfg = Debug|Any CPU
		{F6B41837-6A10-420D-80BB-7768C90B2EF6}.Debug|Any CPU.Build.0 = Debug|Any CPU
		{F6B41837-6A10-420D-80BB-7768C90B2EF6}.Release|Any CPU.ActiveCfg = Release|Any CPU
		{F6B41837-6A10-420D-80BB-7768C90B2EF6}.Release|Any CPU.Build.0 = Release|Any CPU
		{C4CC769B-0C48-4225-A108-20D1B1C4D508}.Debug|Any CPU.ActiveCfg = Debug|Any CPU
		{C4CC769B-0C48-4225-A108-20D1B1C4D508}.Debug|Any CPU.Build.0 = Debug|Any CPU
		{C4CC769B-0C48-4225-A108-20D1B1C4D508}.Release|Any CPU.ActiveCfg = Release|Any CPU
		{C4CC769B-0C48-4225-A108-20D1B1C4D508}.Release|Any CPU.Build.0 = Release|Any CPU
		{DE713134-1743-4EE3-A2E3-7613E2480DD1}.Debug|Any CPU.ActiveCfg = Debug|Any CPU
		{DE713134-1743-4EE3-A2E3-7613E2480DD1}.Debug|Any CPU.Build.0 = Debug|Any CPU
		{DE713134-1743-4EE3-A2E3-7613E2480DD1}.Release|Any CPU.ActiveCfg = Release|Any CPU
		{DE713134-1743-4EE3-A2E3-7613E2480DD1}.Release|Any CPU.Build.0 = Release|Any CPU
		{DF60FB54-2B84-4362-BDFF-D7BBDB1AE16E}.Debug|Any CPU.ActiveCfg = Debug|Any CPU
		{DF60FB54-2B84-4362-BDFF-D7BBDB1AE16E}.Debug|Any CPU.Build.0 = Debug|Any CPU
		{DF60FB54-2B84-4362-BDFF-D7BBDB1AE16E}.Release|Any CPU.ActiveCfg = Release|Any CPU
		{DF60FB54-2B84-4362-BDFF-D7BBDB1AE16E}.Release|Any CPU.Build.0 = Release|Any CPU
		{B1A7F4FC-4AE8-4AC6-9ED5-19D87D421983}.Debug|Any CPU.ActiveCfg = Debug|Any CPU
		{B1A7F4FC-4AE8-4AC6-9ED5-19D87D421983}.Debug|Any CPU.Build.0 = Debug|Any CPU
		{B1A7F4FC-4AE8-4AC6-9ED5-19D87D421983}.Release|Any CPU.ActiveCfg = Release|Any CPU
		{B1A7F4FC-4AE8-4AC6-9ED5-19D87D421983}.Release|Any CPU.Build.0 = Release|Any CPU
		{A7B8D0DE-2CE3-48AF-9ED7-AF28072FA491}.Debug|Any CPU.ActiveCfg = Debug|Any CPU
		{A7B8D0DE-2CE3-48AF-9ED7-AF28072FA491}.Debug|Any CPU.Build.0 = Debug|Any CPU
		{A7B8D0DE-2CE3-48AF-9ED7-AF28072FA491}.Release|Any CPU.ActiveCfg = Release|Any CPU
		{A7B8D0DE-2CE3-48AF-9ED7-AF28072FA491}.Release|Any CPU.Build.0 = Release|Any CPU
		{2649C297-0BAD-44E1-9A21-6E92CB19EF90}.Debug|Any CPU.ActiveCfg = Debug|Any CPU
		{2649C297-0BAD-44E1-9A21-6E92CB19EF90}.Debug|Any CPU.Build.0 = Debug|Any CPU
		{2649C297-0BAD-44E1-9A21-6E92CB19EF90}.Release|Any CPU.ActiveCfg = Release|Any CPU
		{2649C297-0BAD-44E1-9A21-6E92CB19EF90}.Release|Any CPU.Build.0 = Release|Any CPU
		{2AD514E4-8B65-420B-9F56-CF14F1F626D5}.Debug|Any CPU.ActiveCfg = Debug|Any CPU
		{2AD514E4-8B65-420B-9F56-CF14F1F626D5}.Debug|Any CPU.Build.0 = Debug|Any CPU
		{2AD514E4-8B65-420B-9F56-CF14F1F626D5}.Release|Any CPU.ActiveCfg = Release|Any CPU
		{2AD514E4-8B65-420B-9F56-CF14F1F626D5}.Release|Any CPU.Build.0 = Release|Any CPU
		{3A3B3201-D0A1-441A-B73F-39C27E2DC3DE}.Debug|Any CPU.ActiveCfg = Debug|Any CPU
		{3A3B3201-D0A1-441A-B73F-39C27E2DC3DE}.Debug|Any CPU.Build.0 = Debug|Any CPU
		{3A3B3201-D0A1-441A-B73F-39C27E2DC3DE}.Release|Any CPU.ActiveCfg = Release|Any CPU
		{3A3B3201-D0A1-441A-B73F-39C27E2DC3DE}.Release|Any CPU.Build.0 = Release|Any CPU
		{31C098C0-1B8F-4307-BD84-999D3D1FD04E}.Debug|Any CPU.ActiveCfg = Debug|Any CPU
		{31C098C0-1B8F-4307-BD84-999D3D1FD04E}.Debug|Any CPU.Build.0 = Debug|Any CPU
		{31C098C0-1B8F-4307-BD84-999D3D1FD04E}.Release|Any CPU.ActiveCfg = Release|Any CPU
		{31C098C0-1B8F-4307-BD84-999D3D1FD04E}.Release|Any CPU.Build.0 = Release|Any CPU
		{DCB39D95-1BAE-48A9-89BC-611479AFA621}.Debug|Any CPU.ActiveCfg = Debug|Any CPU
		{DCB39D95-1BAE-48A9-89BC-611479AFA621}.Debug|Any CPU.Build.0 = Debug|Any CPU
		{DCB39D95-1BAE-48A9-89BC-611479AFA621}.Release|Any CPU.ActiveCfg = Release|Any CPU
		{DCB39D95-1BAE-48A9-89BC-611479AFA621}.Release|Any CPU.Build.0 = Release|Any CPU
	EndGlobalSection
	GlobalSection(SolutionProperties) = preSolution
		HideSolutionNode = FALSE
	EndGlobalSection
	GlobalSection(NestedProjects) = preSolution
		{22283252-C41B-4415-B30F-FB34F54BF7DA} = {6EA1D2A0-9938-499B-BB84-2F078679130E}
		{F6B41837-6A10-420D-80BB-7768C90B2EF6} = {6EA1D2A0-9938-499B-BB84-2F078679130E}
		{C4CC769B-0C48-4225-A108-20D1B1C4D508} = {6EA1D2A0-9938-499B-BB84-2F078679130E}
		{DE713134-1743-4EE3-A2E3-7613E2480DD1} = {B822F178-91D4-4DFC-B76C-54884E952BB4}
		{DF60FB54-2B84-4362-BDFF-D7BBDB1AE16E} = {B822F178-91D4-4DFC-B76C-54884E952BB4}
		{B1A7F4FC-4AE8-4AC6-9ED5-19D87D421983} = {B822F178-91D4-4DFC-B76C-54884E952BB4}
		{A7B8D0DE-2CE3-48AF-9ED7-AF28072FA491} = {46AEA183-3395-4D3E-ABB7-84F0156B3860}
		{2649C297-0BAD-44E1-9A21-6E92CB19EF90} = {46AEA183-3395-4D3E-ABB7-84F0156B3860}
		{2AD514E4-8B65-420B-9F56-CF14F1F626D5} = {46AEA183-3395-4D3E-ABB7-84F0156B3860}
		{3A3B3201-D0A1-441A-B73F-39C27E2DC3DE} = {ECF6CA78-7B2A-40BB-BFF4-066AF86A2E36}
		{31C098C0-1B8F-4307-BD84-999D3D1FD04E} = {ECF6CA78-7B2A-40BB-BFF4-066AF86A2E36}
		{DCB39D95-1BAE-48A9-89BC-611479AFA621} = {ECF6CA78-7B2A-40BB-BFF4-066AF86A2E36}
	EndGlobalSection
	GlobalSection(ExtensibilityGlobals) = postSolution
		SolutionGuid = {E1C63444-0B3A-43B5-BB27-913277DADDCD}
	EndGlobalSection
EndGlobal
