
Microsoft Visual Studio Solution File, Format Version 12.00
# Visual Studio Version 16
VisualStudioVersion = 16.0.34301.259
MinimumVisualStudioVersion = 10.0.40219.1
Project("{2150E333-8FDC-42A3-9474-1A3956D46DE8}") = "Task0", "Task0", "{6EA1D2A0-9938-499B-BB84-2F078679130E}"
EndProject
Project("{FAE04EC0-301F-11D3-BF4B-00C04F79EFBC}") = "Tyuiu.GunbinNA.Sprint6.Task0.V13", "Tyuiu.GunbinNA.Sprint6.Task0.V13\Tyuiu.GunbinNA.Sprint6.Task0.V13.csproj", "{22283252-C41B-4415-B30F-FB34F54BF7DA}"
EndProject
Project("{FAE04EC0-301F-11D3-BF4B-00C04F79EFBC}") = "Tyuiu.GunbinNA.Sprint6.Task0.V13.Test", "Tyuiu.GunbinNA.Sprint6.Task0.V13.Test\Tyuiu.GunbinNA.Sprint6.Task0.V13.Test.csproj", "{F6B41837-6A10-420D-80BB-7768C90B2EF6}"
EndProject
Project("{FAE04EC0-301F-11D3-BF4B-00C04F79EFBC}") = "Tyuiu.GunbinNA.Sprint6.Task0.V13.Lib", "Tyuiu.GunbinNA.Sprint6.Task0.V13.Lib\Tyuiu.GunbinNA.Sprint6.Task0.V13.Lib.csproj", "{C4CC769B-0C48-4225-A108-20D1B1C4D508}"
EndProject
Global
	GlobalSection(SolutionConfigurationPlatforms) = preSolution
		Debug|Any CPU = Debug|Any CPU
		Release|Any CPU = Release|Any CPU
	EndGlobalSection
	GlobalSection(ProjectConfigurationPlatforms) = postSolution
		{22283252-C41B-4415-B30F-FB34F54BF7DA}.Debug|Any CPU.ActiveCfg = Debug|Any CPU
		{22283252-C41B-4415-B30F-FB34F54BF7DA}.Debug|Any CPU.Build.0 = Debug|Any CPU
		{22283252-C41B-4415-B30F-FB34F54BF7DA}.Release|Any CPU.ActiveCfg = Release|Any CPU
		{22283252-C41B-4415-B30F-FB34F54BF7DA}.Release|Any CPU.Build.0 = Release|Any CPU
		{F6B41837-6A10-420D-80BB-7768C90B2EF6}.Debug|Any CPU.ActiveCfg = Debug|Any CPU
		{F6B41837-6A10-420D-80BB-7768C90B2EF6}.Debug|Any CPU.Build.0 = Debug|Any CPU
		{F6B41837-6A10-420D-80BB-7768C90B2EF6}.Release|Any CPU.ActiveCfg = Release|Any CPU
		{F6B41837-6A10-420D-80BB-7768C90B2EF6}.Release|Any CPU.Build.0 = Release|Any CPU
		{C4CC769B-0C48-4225-A108-20D1B1C4D508}.Debug|Any CPU.ActiveCfg = Debug|Any CPU
		{C4CC769B-0C48-4225-A108-20D1B1C4D508}.Debug|Any CPU.Build.0 = Debug|Any CPU
		{C4CC769B-0C48-4225-A108-20D1B1C4D508}.Release|Any CPU.ActiveCfg = Release|Any CPU
		{C4CC769B-0C48-4225-A108-20D1B1C4D508}.Release|Any CPU.Build.0 = Release|Any CPU
	EndGlobalSection
	GlobalSection(SolutionProperties) = preSolution
		HideSolutionNode = FALSE
	EndGlobalSection
	GlobalSection(NestedProjects) = preSolution
		{22283252-C41B-4415-B30F-FB34F54BF7DA} = {6EA1D2A0-9938-499B-BB84-2F078679130E}
		{F6B41837-6A10-420D-80BB-7768C90B2EF6} = {6EA1D2A0-9938-499B-BB84-2F078679130E}
		{C4CC769B-0C48-4225-A108-20D1B1C4D508} = {6EA1D2A0-9938-499B-BB84-2F078679130E}
	EndGlobalSection
	GlobalSection(ExtensibilityGlobals) = postSolution
		SolutionGuid = {E1C63444-0B3A-43B5-BB27-913277DADDCD}
	EndGlobalSection
EndGlobal
